{
  "requires": true,
  "lockfileVersion": 1,
  "dependencies": {
    "cors": {
      "version": "2.8.4",
      "resolved": "https://registry.npmjs.org/cors/-/cors-2.8.4.tgz",
      "integrity": "sha1-K9OB8usgECAQXNUOpZ2mMJBpRoY=",
      "requires": {
        "object-assign": "4.1.1",
        "vary": "1.1.2"
      }
    },
    "final-form": {
      "version": "4.6.1",
      "resolved": "https://registry.npmjs.org/final-form/-/final-form-4.6.1.tgz",
      "integrity": "sha512-1HX1hrODNsSQEDr0ZCskPX0MvByvCjg9iwj7zEiKvpBtuqJzI6nstZL75w+/vs00gVlPoUxqOixKzd9JWKGisg=="
    },
    "object-assign": {
      "version": "4.1.1",
      "resolved": "https://registry.npmjs.org/object-assign/-/object-assign-4.1.1.tgz",
      "integrity": "sha1-IQmtx5ZYh8/AXLvUQsrIv7s2CGM="
    },
    "react-final-form": {
      "version": "3.4.0",
      "resolved": "https://registry.npmjs.org/react-final-form/-/react-final-form-3.4.0.tgz",
      "integrity": "sha512-pJPyt5Ku3uQPsRJJJ+A7UUXHivf+kSVWNrG6QmHlkn2iN6qu7aXL6O/mtNOwhYfeDu+/VJlUPEOzrfrlqzQ8Hg=="
    },
    "vary": {
      "version": "1.1.2",
      "resolved": "https://registry.npmjs.org/vary/-/vary-1.1.2.tgz",
      "integrity": "sha1-IpnwLG3tMNSllhsLn3RSShj2NPw="
    }
  }
}
